
Microsoft Visual Studio Solution File, Format Version 12.00
# Visual Studio Version 17
VisualStudioVersion = 17.11.35312.102
MinimumVisualStudioVersion = 10.0.40219.1
Project("{9A19103F-16F7-4668-BE54-9A1E7A4F7556}") = "HotChocolateV14", "HotChocolateV14.csproj", "{739A51DE-C518-4BDC-825D-C2BE99A25BC7}"
EndProject
Global
	GlobalSection(SolutionConfigurationPlatforms) = preSolution
		Debug|Any CPU = Debug|Any CPU
		Release|Any CPU = Release|Any CPU
	EndGlobalSection
	GlobalSection(ProjectConfigurationPlatforms) = postSolution
		{739A51DE-C518-4BDC-825D-C2BE99A25BC7}.Debug|Any CPU.ActiveCfg = Debug|Any CPU
		{739A51DE-C518-4BDC-825D-C2BE99A25BC7}.Debug|Any CPU.Build.0 = Debug|Any CPU
		{739A51DE-C518-4BDC-825D-C2BE99A25BC7}.Release|Any CPU.ActiveCfg = Release|Any CPU
		{739A51DE-C518-4BDC-825D-C2BE99A25BC7}.Release|Any CPU.Build.0 = Release|Any CPU
	EndGlobalSection
	GlobalSection(SolutionProperties) = preSolution
		HideSolutionNode = FALSE
	EndGlobalSection
	GlobalSection(ExtensibilityGlobals) = postSolution
		SolutionGuid = {13F89BEA-6EC8-4C6B-B79C-C6D5B5C10673}
	EndGlobalSection
EndGlobal
